
Microsoft Visual Studio Solution File, Format Version 12.00
# Visual Studio Version 17
VisualStudioVersion = 17.4.33213.308
MinimumVisualStudioVersion = 10.0.40219.1
Project("{FAE04EC0-301F-11D3-BF4B-00C04F79EFBC}") = "Web_Admin_Green", "Web_Admin_Green\Web_Admin_Green.csproj", "{7D163E0A-375E-4658-889A-BC6C85364CD7}"
EndProject
Project("{FAE04EC0-301F-11D3-BF4B-00C04F79EFBC}") = "Web_Editor_Green", "Web_Editor_Green\Web_Editor_Green.csproj", "{09932E4C-E957-4259-9634-E7874B52E69E}"
EndProject
Global
	GlobalSection(SolutionConfigurationPlatforms) = preSolution
		Debug|Any CPU = Debug|Any CPU
		Release|Any CPU = Release|Any CPU
	EndGlobalSection
	GlobalSection(ProjectConfigurationPlatforms) = postSolution
		{7D163E0A-375E-4658-889A-BC6C85364CD7}.Debug|Any CPU.ActiveCfg = Debug|Any CPU
		{7D163E0A-375E-4658-889A-BC6C85364CD7}.Debug|Any CPU.Build.0 = Debug|Any CPU
		{7D163E0A-375E-4658-889A-BC6C85364CD7}.Release|Any CPU.ActiveCfg = Release|Any CPU
		{7D163E0A-375E-4658-889A-BC6C85364CD7}.Release|Any CPU.Build.0 = Release|Any CPU
		{09932E4C-E957-4259-9634-E7874B52E69E}.Debug|Any CPU.ActiveCfg = Debug|Any CPU
		{09932E4C-E957-4259-9634-E7874B52E69E}.Debug|Any CPU.Build.0 = Debug|Any CPU
		{09932E4C-E957-4259-9634-E7874B52E69E}.Release|Any CPU.ActiveCfg = Release|Any CPU
		{09932E4C-E957-4259-9634-E7874B52E69E}.Release|Any CPU.Build.0 = Release|Any CPU
	EndGlobalSection
	GlobalSection(SolutionProperties) = preSolution
		HideSolutionNode = FALSE
	EndGlobalSection
	GlobalSection(ExtensibilityGlobals) = postSolution
		SolutionGuid = {B9B56D20-D5B2-433B-B1E3-0B8492EFABAF}
	EndGlobalSection
EndGlobal
